{
  "name": "y",
  "version": "0.0.1",
  "lockfileVersion": 1,
  "requires": true,
  "dependencies": {
    "wink-helpers": {
      "version": "2.0.0",
      "resolved": "https://registry.npmjs.org/wink-helpers/-/wink-helpers-2.0.0.tgz",
      "integrity": "sha512-I/ZzXrHcNRXuoeFJmp2vMVqDI6UCK02Tds1WP4kSGAmx520gjL1BObVzF7d2ps24tyHIly9ngdB2jwhlFUjPvg=="
    },
    "wink-lemmatizer": {
      "version": "3.0.1",
      "resolved": "https://registry.npmjs.org/wink-lemmatizer/-/wink-lemmatizer-3.0.1.tgz",
      "integrity": "sha512-i3UFptXN8zqRaum4CWBGAXkpK6gtPU9a0/M5U9t2epBd68sr9WX7mFWKfMuSAJoc9w0HXHZOXsuGvTRxjCSWPQ==",
      "requires": {
        "wink-lexicon": "^2.0.1",
        "wink-porter2-stemmer": "^2.0.0"
      }
    },
    "wink-lexicon": {
      "version": "2.1.1",
      "resolved": "https://registry.npmjs.org/wink-lexicon/-/wink-lexicon-2.1.1.tgz",
      "integrity": "sha512-By1dTZdq0dhHNJlFHjwvOV9tWeijS7T119gt7/JA59W6uVdRdvZ7Yz10TrIbqt70A3ew1ywDvhYwCYc4VuJ7XA=="
    },
    "wink-porter2-stemmer": {
      "version": "2.0.1",
      "resolved": "https://registry.npmjs.org/wink-porter2-stemmer/-/wink-porter2-stemmer-2.0.1.tgz",
      "integrity": "sha512-0g+RkkqhRXFmSpJQStVXW5N/WsshWpJXsoDRW7DwVkGI2uDT6IBCoq3xdH5p6IHLaC6ygk7RWUsUx4alKxoagQ=="
    },
    "wink-pos-tagger": {
      "version": "2.2.2",
      "resolved": "https://registry.npmjs.org/wink-pos-tagger/-/wink-pos-tagger-2.2.2.tgz",
      "integrity": "sha512-+bhkwqwwChqWR75ksFKVJZQagwu404UmnvFjxr+OWZ02/ZJAv19N/iqDpMeYRQRxatk5N+W9pXIKEDJsVrzGyw==",
      "requires": {
        "wink-helpers": "^2.0.0",
        "wink-lemmatizer": "^3.0.1",
        "wink-lexicon": "^2.1.1",
        "wink-porter2-stemmer": "^2.0.0",
        "wink-tokenizer": "^5.2.1"
      }
    },
    "wink-tokenizer": {
      "version": "5.2.1",
      "resolved": "https://registry.npmjs.org/wink-tokenizer/-/wink-tokenizer-5.2.1.tgz",
      "integrity": "sha512-8WwUToAUvioN6zYCAgtgmqLZEgkLs9whJMVsd/l0NbWynRCz2HreP/YF9OzRS48H4kLIQCP0//ZvGw1cwVz2sg=="
    }
  }
}
